
Microsoft Visual Studio Solution File, Format Version 12.00
# Visual Studio 15
VisualStudioVersion = 15.0.28307.539
MinimumVisualStudioVersion = 10.0.40219.1
Project("{9A19103F-16F7-4668-BE54-9A1E7A4F7556}") = "ConsoleApp1", "ConsoleApp1\ConsoleApp1.csproj", "{0747C3A6-0488-4122-9694-B788C6C70261}"
	ProjectSection(ProjectDependencies) = postProject
		{588F2D20-F308-459C-90FB-DA15F6C7ECFA} = {588F2D20-F308-459C-90FB-DA15F6C7ECFA}
	EndProjectSection
EndProject
Project("{9A19103F-16F7-4668-BE54-9A1E7A4F7556}") = "ClassList", "ClassList\ClassList.csproj", "{588F2D20-F308-459C-90FB-DA15F6C7ECFA}"
EndProject
Global
	GlobalSection(SolutionConfigurationPlatforms) = preSolution
		Debug|Any CPU = Debug|Any CPU
		Release|Any CPU = Release|Any CPU
	EndGlobalSection
	GlobalSection(ProjectConfigurationPlatforms) = postSolution
		{0747C3A6-0488-4122-9694-B788C6C70261}.Debug|Any CPU.ActiveCfg = Debug|Any CPU
		{0747C3A6-0488-4122-9694-B788C6C70261}.Debug|Any CPU.Build.0 = Debug|Any CPU
		{0747C3A6-0488-4122-9694-B788C6C70261}.Release|Any CPU.ActiveCfg = Release|Any CPU
		{0747C3A6-0488-4122-9694-B788C6C70261}.Release|Any CPU.Build.0 = Release|Any CPU
		{588F2D20-F308-459C-90FB-DA15F6C7ECFA}.Debug|Any CPU.ActiveCfg = Debug|Any CPU
		{588F2D20-F308-459C-90FB-DA15F6C7ECFA}.Debug|Any CPU.Build.0 = Debug|Any CPU
		{588F2D20-F308-459C-90FB-DA15F6C7ECFA}.Release|Any CPU.ActiveCfg = Release|Any CPU
		{588F2D20-F308-459C-90FB-DA15F6C7ECFA}.Release|Any CPU.Build.0 = Release|Any CPU
	EndGlobalSection
	GlobalSection(SolutionProperties) = preSolution
		HideSolutionNode = FALSE
	EndGlobalSection
	GlobalSection(ExtensibilityGlobals) = postSolution
		SolutionGuid = {7C14EEB0-1996-4849-BF2D-BBF6E7CD91E1}
	EndGlobalSection
EndGlobal
